github.com/dgrijalva/jwt-go v3.2.0+incompatible h1:7qlOGliEKZXTDg6OTjfoBKDXWrumCAMpl/TFQ4/5kLM=
github.com/dgrijalva/jwt-go v3.2.0+incompatible/go.mod h1:E3ru+11k8xSBh+hMPgOLZmtrrCbhqsmaPHjLKYnJCaQ=
github.com/open-networks/go-msgraph v0.0.0-20200217121338-a7bf31e9c1f2 h1:a5W3dixflEwAIzURVZ6/NIumsEkeih76zdHX82eNX/w=
github.com/open-networks/go-msgraph v0.0.0-20200217121338-a7bf31e9c1f2/go.mod h1:qrAWeYL/1D4WyM9vJnTmgKMtspVODwsvgBDXgVs64Gg=
github.com/open-networks/go-msgraph v0.3.1 h1:/mBxAhjOzixoFJkg8u2HrxqtBTw6RyqPCc8U1QT35KA=
github.com/open-networks/go-msgraph v0.3.1/go.mod h1:Wlvu+lCEuErbyguDk5pVct2LVKcUfJuno54/Ij8q9zY=
